// !$*UTF8*$!
{
	archiveVersion = 1;
	classes = {
	};
	objectVersion = 50;
	objects = {

/* Begin PBXBuildFile section */
		464B62222118A9BD001D87F1 /* AppDelegate.swift in Sources */ = {isa = PBXBuildFile; fileRef = 464B62212118A9BD001D87F1 /* AppDelegate.swift */; };
		464B62242118A9BD001D87F1 /* ViewController.swift in Sources */ = {isa = PBXBuildFile; fileRef = 464B62232118A9BD001D87F1 /* ViewController.swift */; };
		464B62272118A9BD001D87F1 /* Main.storyboard in Resources */ = {isa = PBXBuildFile; fileRef = 464B62252118A9BD001D87F1 /* Main.storyboard */; };
		464B62292118A9BF001D87F1 /* Assets.xcassets in Resources */ = {isa = PBXBuildFile; fileRef = 464B62282118A9BF001D87F1 /* Assets.xcassets */; };
		464B622C2118A9BF001D87F1 /* LaunchScreen.storyboard in Resources */ = {isa = PBXBuildFile; fileRef = 464B622A2118A9BF001D87F1 /* LaunchScreen.storyboard */; };
		468300D02118AA5D00C4705A /* PlanetSwift.framework in Frameworks */ = {isa = PBXBuildFile; fileRef = 468300CF2118AA5D00C4705A /* PlanetSwift.framework */; };
		468300D12118AA5D00C4705A /* PlanetSwift.framework in Embed Frameworks */ = {isa = PBXBuildFile; fileRef = 468300CF2118AA5D00C4705A /* PlanetSwift.framework */; settings = {ATTRIBUTES = (CodeSignOnCopy, RemoveHeadersOnCopy, ); }; };
/* End PBXBuildFile section */

/* Begin PBXCopyFilesBuildPhase section */
		468300D22118AA5E00C4705A /* Embed Frameworks */ = {
			isa = PBXCopyFilesBuildPhase;
			buildActionMask = 2147483647;
			dstPath = "";
			dstSubfolderSpec = 10;
			files = (
				468300D12118AA5D00C4705A /* PlanetSwift.framework in Embed Frameworks */,
			);
			name = "Embed Frameworks";
			runOnlyForDeploymentPostprocessing = 0;
		};
/* End PBXCopyFilesBuildPhase section */

/* Begin PBXFileReference section */
		464B621E2118A9BD001D87F1 /* MLclock.app */ = {isa = PBXFileReference; explicitFileType = wrapper.application; includeInIndex = 0; path = MLclock.app; sourceTree = BUILT_PRODUCTS_DIR; };
		464B62212118A9BD001D87F1 /* AppDelegate.swift */ = {isa = PBXFileReference; lastKnownFileType = sourcecode.swift; path = AppDelegate.swift; sourceTree = "<group>"; };
		464B62232118A9BD001D87F1 /* ViewController.swift */ = {isa = PBXFileReference; lastKnownFileType = sourcecode.swift; path = ViewController.swift; sourceTree = "<group>"; };
		464B62262118A9BD001D87F1 /* Base */ = {isa = PBXFileReference; lastKnownFileType = file.storyboard; name = Base; path = Base.lproj/Main.storyboard; sourceTree = "<group>"; };
		464B62282118A9BF001D87F1 /* Assets.xcassets */ = {isa = PBXFileReference; lastKnownFileType = folder.assetcatalog; path = Assets.xcassets; sourceTree = "<group>"; };
		464B622B2118A9BF001D87F1 /* Base */ = {isa = PBXFileReference; lastKnownFileType = file.storyboard; name = Base; path = Base.lproj/LaunchScreen.storyboard; sourceTree = "<group>"; };
		464B622D2118A9BF001D87F1 /* Info.plist */ = {isa = PBXFileReference; lastKnownFileType = text.plist.xml; path = Info.plist; sourceTree = "<group>"; };
		468300CF2118AA5D00C4705A /* PlanetSwift.framework */ = {isa = PBXFileReference; explicitFileType = wrapper.framework; path = PlanetSwift.framework; sourceTree = BUILT_PRODUCTS_DIR; };
/* End PBXFileReference section */

/* Begin PBXFrameworksBuildPhase section */
		464B621B2118A9BD001D87F1 /* Frameworks */ = {
			isa = PBXFrameworksBuildPhase;
			buildActionMask = 2147483647;
			files = (
				468300D02118AA5D00C4705A /* PlanetSwift.framework in Frameworks */,
			);
			runOnlyForDeploymentPostprocessing = 0;
		};
/* End PBXFrameworksBuildPhase section */

/* Begin PBXGroup section */
		464B62152118A9BD001D87F1 = {
			isa = PBXGroup;
			children = (
				468300CF2118AA5D00C4705A /* PlanetSwift.framework */,
				464B62202118A9BD001D87F1 /* MLclock */,
				464B621F2118A9BD001D87F1 /* Products */,
			);
			sourceTree = "<group>";
		};
		464B621F2118A9BD001D87F1 /* Products */ = {
			isa = PBXGroup;
			children = (
				464B621E2118A9BD001D87F1 /* MLclock.app */,
			);
			name = Products;
			sourceTree = "<group>";
		};
		464B62202118A9BD001D87F1 /* MLclock */ = {
			isa = PBXGroup;
			children = (
				464B62212118A9BD001D87F1 /* AppDelegate.swift */,
				464B62232118A9BD001D87F1 /* ViewController.swift */,
				464B62252118A9BD001D87F1 /* Main.storyboard */,
				464B62282118A9BF001D87F1 /* Assets.xcassets */,
				464B622A2118A9BF001D87F1 /* LaunchScreen.storyboard */,
				464B622D2118A9BF001D87F1 /* Info.plist */,
			);
			path = MLclock;
			sourceTree = "<group>";
		};
/* End PBXGroup section */

/* Begin PBXNativeTarget section */
		464B621D2118A9BD001D87F1 /* MLclock */ = {
			isa = PBXNativeTarget;
			buildConfigurationList = 464B62302118A9BF001D87F1 /* Build configuration list for PBXNativeTarget "MLclock" */;
			buildPhases = (
				464B621A2118A9BD001D87F1 /* Sources */,
				464B621B2118A9BD001D87F1 /* Frameworks */,
				464B621C2118A9BD001D87F1 /* Resources */,
				468300D22118AA5E00C4705A /* Embed Frameworks */,
			);
			buildRules = (
			);
			dependencies = (
			);
			name = MLclock;
			productName = MLclock;
			productReference = 464B621E2118A9BD001D87F1 /* MLclock.app */;
			productType = "com.apple.product-type.application";
		};
/* End PBXNativeTarget section */

/* Begin PBXProject section */
		464B62162118A9BD001D87F1 /* Project object */ = {
			isa = PBXProject;
			attributes = {
				LastSwiftUpdateCheck = 0940;
				LastUpgradeCheck = 0940;
				ORGANIZATIONNAME = "Rocco Bowling";
				TargetAttributes = {
					464B621D2118A9BD001D87F1 = {
						CreatedOnToolsVersion = 9.4.1;
					};
				};
			};
			buildConfigurationList = 464B62192118A9BD001D87F1 /* Build configuration list for PBXProject "MLclock" */;
			compatibilityVersion = "Xcode 9.3";
			developmentRegion = en;
			hasScannedForEncodings = 0;
			knownRegions = (
				en,
				Base,
			);
			mainGroup = 464B62152118A9BD001D87F1;
			productRefGroup = 464B621F2118A9BD001D87F1 /* Products */;
			projectDirPath = "";
			projectRoot = "";
			targets = (
				464B621D2118A9BD001D87F1 /* MLclock */,
			);
		};
/* End PBXProject section */

/* Begin PBXResourcesBuildPhase section */
		464B621C2118A9BD001D87F1 /* Resources */ = {
			isa = PBXResourcesBuildPhase;
			buildActionMask = 2147483647;
			files = (
				464B622C2118A9BF001D87F1 /* LaunchScreen.storyboard in Resources */,
				464B62292118A9BF001D87F1 /* Assets.xcassets in Resources */,
				464B62272118A9BD001D87F1 /* Main.storyboard in Resources */,
			);
			runOnlyForDeploymentPostprocessing = 0;
		};
/* End PBXResourcesBuildPhase section */

/* Begin PBXSourcesBuildPhase section */
		464B621A2118A9BD001D87F1 /* Sources */ = {
			isa = PBXSourcesBuildPhase;
			buildActionMask = 2147483647;
			files = (
				464B62242118A9BD001D87F1 /* ViewController.swift in Sources */,
				464B62222118A9BD001D87F1 /* AppDelegate.swift in Sources */,
			);
			runOnlyForDeploymentPostprocessing = 0;
		};
/* End PBXSourcesBuildPhase section */

/* Begin PBXVariantGroup section */
		464B62252118A9BD001D87F1 /* Main.storyboard */ = {
			isa = PBXVariantGroup;
			children = (
				464B62262118A9BD001D87F1 /* Base */,
			);
			name = Main.storyboard;
			sourceTree = "<group>";
		};
		464B622A2118A9BF001D87F1 /* LaunchScreen.storyboard */ = {
			isa = PBXVariantGroup;
			children = (
				464B622B2118A9BF001D87F1 /* Base */,
			);
			name = LaunchScreen.storyboard;
			sourceTree = "<group>";
		};
/* End PBXVariantGroup section */

/* Begin XCBuildConfiguration section */
		464B622E2118A9BF001D87F1 /* Debug */ = {
			isa = XCBuildConfiguration;
			buildSettings = {
				ALWAYS_SEARCH_USER_PATHS = NO;
				CLANG_ANALYZER_NONNULL = YES;
				CLANG_ANALYZER_NUMBER_OBJECT_CONVERSION = YES_AGGRESSIVE;
				CLANG_CXX_LANGUAGE_STANDARD = "gnu++14";
				CLANG_CXX_LIBRARY = "libc++";
				CLANG_ENABLE_MODULES = YES;
				CLANG_ENABLE_OBJC_ARC = YES;
				CLANG_ENABLE_OBJC_WEAK = YES;
				CLANG_WARN_BLOCK_CAPTURE_AUTORELEASING = YES;
				CLANG_WARN_BOOL_CONVERSION = YES;
				CLANG_WARN_COMMA = YES;
				CLANG_WARN_CONSTANT_CONVERSION = YES;
				CLANG_WARN_DEPRECATED_OBJC_IMPLEMENTATIONS = YES;
				CLANG_WARN_DIRECT_OBJC_ISA_USAGE = YES_ERROR;
				CLANG_WARN_DOCUMENTATION_COMMENTS = YES;
				CLANG_WARN_EMPTY_BODY = YES;
				CLANG_WARN_ENUM_CONVERSION = YES;
				CLANG_WARN_INFINITE_RECURSION = YES;
				CLANG_WARN_INT_CONVERSION = YES;
				CLANG_WARN_NON_LITERAL_NULL_CONVERSION = YES;
				CLANG_WARN_OBJC_IMPLICIT_RETAIN_SELF = YES;
				CLANG_WARN_OBJC_LITERAL_CONVERSION = YES;
				CLANG_WARN_OBJC_ROOT_CLASS = YES_ERROR;
				CLANG_WARN_RANGE_LOOP_ANALYSIS = YES;
				CLANG_WARN_STRICT_PROTOTYPES = YES;
				CLANG_WARN_SUSPICIOUS_MOVE = YES;
				CLANG_WARN_UNGUARDED_AVAILABILITY = YES_AGGRESSIVE;
				CLANG_WARN_UNREACHABLE_CODE = YES;
				CLANG_WARN__DUPLICATE_METHOD_MATCH = YES;
				CODE_SIGN_IDENTITY = "iPhone Developer";
				COPY_PHASE_STRIP = NO;
				DEBUG_INFORMATION_FORMAT = dwarf;
				ENABLE_STRICT_OBJC_MSGSEND = YES;
				ENABLE_TESTABILITY = YES;
				GCC_C_LANGUAGE_STANDARD = gnu11;
				GCC_DYNAMIC_NO_PIC = NO;
				GCC_NO_COMMON_BLOCKS = YES;
				GCC_OPTIMIZATION_LEVEL = 0;
				GCC_PREPROCESSOR_DEFINITIONS = (
					"DEBUG=1",
					"$(inherited)",
				);
				GCC_WARN_64_TO_32_BIT_CONVERSION = YES;
				GCC_WARN_ABOUT_RETURN_TYPE = YES_ERROR;
				GCC_WARN_UNDECLARED_SELECTOR = YES;
				GCC_WARN_UNINITIALIZED_AUTOS = YES_AGGRESSIVE;
				GCC_WARN_UNUSED_FUNCTION = YES;
				GCC_WARN_UNUSED_VARIABLE = YES;
				IPHONEOS_DEPLOYMENT_TARGET = 11.4;
				MTL_ENABLE_DEBUG_INFO = YES;
				ONLY_ACTIVE_ARCH = YES;
				SDKROOT = iphoneos;
				SWIFT_ACTIVE_COMPILATION_CONDITIONS = DEBUG;
				SWIFT_OPTIMIZATION_LEVEL = "-Onone";
			};
			name = Debug;
		};
		464B622F2118A9BF001D87F1 /* Release */ = {
			isa = XCBuildConfiguration;
			buildSettings = {
				ALWAYS_SEARCH_USER_PATHS = NO;
				CLANG_ANALYZER_NONNULL = YES;
				CLANG_ANALYZER_NUMBER_OBJECT_CONVERSION = YES_AGGRESSIVE;
				CLANG_CXX_LANGUAGE_STANDARD = "gnu++14";
				CLANG_CXX_LIBRARY = "libc++";
				CLANG_ENABLE_MODULES = YES;
				CLANG_ENABLE_OBJC_ARC = YES;
				CLANG_ENABLE_OBJC_WEAK = YES;
				CLANG_WARN_BLOCK_CAPTURE_AUTORELEASING = YES;
				CLANG_WARN_BOOL_CONVERSION = YES;
				CLANG_WARN_COMMA = YES;
				CLANG_WARN_CONSTANT_CONVERSION = YES;
				CLANG_WARN_DEPRECATED_OBJC_IMPLEMENTATIONS = YES;
				CLANG_WARN_DIRECT_OBJC_ISA_USAGE = YES_ERROR;
				CLANG_WARN_DOCUMENTATION_COMMENTS = YES;
				CLANG_WARN_EMPTY_BODY = YES;
				CLANG_WARN_ENUM_CONVERSION = YES;
				CLANG_WARN_INFINITE_RECURSION = YES;
				CLANG_WARN_INT_CONVERSION = YES;
				CLANG_WARN_NON_LITERAL_NULL_CONVERSION = YES;
				CLANG_WARN_OBJC_IMPLICIT_RETAIN_SELF = YES;
				CLANG_WARN_OBJC_LITERAL_CONVERSION = YES;
				CLANG_WARN_OBJC_ROOT_CLASS = YES_ERROR;
				CLANG_WARN_RANGE_LOOP_ANALYSIS = YES;
				CLANG_WARN_STRICT_PROTOTYPES = YES;
				CLANG_WARN_SUSPICIOUS_MOVE = YES;
				CLANG_WARN_UNGUARDED_AVAILABILITY = YES_AGGRESSIVE;
				CLANG_WARN_UNREACHABLE_CODE = YES;
				CLANG_WARN__DUPLICATE_METHOD_MATCH = YES;
				CODE_SIGN_IDENTITY = "iPhone Developer";
				COPY_PHASE_STRIP = NO;
				DEBUG_INFORMATION_FORMAT = "dwarf-with-dsym";
				ENABLE_NS_ASSERTIONS = NO;
				ENABLE_STRICT_OBJC_MSGSEND = YES;
				GCC_C_LANGUAGE_STANDARD = gnu11;
				GCC_NO_COMMON_BLOCKS = YES;
				GCC_WARN_64_TO_32_BIT_CONVERSION = YES;
				GCC_WARN_ABOUT_RETURN_TYPE = YES_ERROR;
				GCC_WARN_UNDECLARED_SELECTOR = YES;
				GCC_WARN_UNINITIALIZED_AUTOS = YES_AGGRESSIVE;
				GCC_WARN_UNUSED_FUNCTION = YES;
				GCC_WARN_UNUSED_VARIABLE = YES;
				IPHONEOS_DEPLOYMENT_TARGET = 11.4;
				MTL_ENABLE_DEBUG_INFO = NO;
				SDKROOT = iphoneos;
				SWIFT_COMPILATION_MODE = wholemodule;
				SWIFT_OPTIMIZATION_LEVEL = "-O";
				VALIDATE_PRODUCT = YES;
			};
			name = Release;
		};
		464B62312118A9BF001D87F1 /* Debug */ = {
			isa = XCBuildConfiguration;
			buildSettings = {
				ASSETCATALOG_COMPILER_APPICON_NAME = AppIcon;
				CODE_SIGN_STYLE = Automatic;
				DEVELOPMENT_TEAM = A3LA43YQN5;
				INFOPLIST_FILE = MLclock/Info.plist;
				LD_RUNPATH_SEARCH_PATHS = (
					"$(inherited)",
					"@executable_path/Frameworks",
				);
				PRODUCT_BUNDLE_IDENTIFIER = com.chimerasw.MLclock;
				PRODUCT_NAME = "$(TARGET_NAME)";
				SWIFT_VERSION = 4.0;
				TARGETED_DEVICE_FAMILY = "1,2";
			};
			name = Debug;
		};
		464B62322118A9BF001D87F1 /* Release */ = {
			isa = XCBuildConfiguration;
			buildSettings = {
				ASSETCATALOG_COMPILER_APPICON_NAME = AppIcon;
				CODE_SIGN_STYLE = Automatic;
				DEVELOPMENT_TEAM = A3LA43YQN5;
				INFOPLIST_FILE = MLclock/Info.plist;
				LD_RUNPATH_SEARCH_PATHS = (
					"$(inherited)",
					"@executable_path/Frameworks",
				);
				PRODUCT_BUNDLE_IDENTIFIER = com.chimerasw.MLclock;
				PRODUCT_NAME = "$(TARGET_NAME)";
				SWIFT_VERSION = 4.0;
				TARGETED_DEVICE_FAMILY = "1,2";
			};
			name = Release;
		};
/* End XCBuildConfiguration section */

/* Begin XCConfigurationList section */
		464B62192118A9BD001D87F1 /* Build configuration list for PBXProject "MLclock" */ = {
			isa = XCConfigurationList;
			buildConfigurations = (
				464B622E2118A9BF001D87F1 /* Debug */,
				464B622F2118A9BF001D87F1 /* Release */,
			);
			defaultConfigurationIsVisible = 0;
			defaultConfigurationName = Release;
		};
		464B62302118A9BF001D87F1 /* Build configuration list for PBXNativeTarget "MLclock" */ = {
			isa = XCConfigurationList;
			buildConfigurations = (
				464B62312118A9BF001D87F1 /* Debug */,
				464B62322118A9BF001D87F1 /* Release */,
			);
			defaultConfigurationIsVisible = 0;
			defaultConfigurationName = Release;
		};
/* End XCConfigurationList section */
	};
	rootObject = 464B62162118A9BD001D87F1 /* Project object */;
}
